
Microsoft Visual Studio Solution File, Format Version 12.00
Project("{FAE04EC0-301F-11D3-BF4B-00C04F79EFBC}") = "DiceApi", "DiceApi\DiceApi.csproj", "{A9BE7E79-4389-436E-9AC0-FD1EE68880A1}"
EndProject
Project("{FAE04EC0-301F-11D3-BF4B-00C04F79EFBC}") = "DiceApiTests", "DiceApiTests\DiceApiTests.csproj", "{C7CC301D-69A8-43C5-8571-3DBDFF5AF5EC}"
EndProject
Global
	GlobalSection(SolutionConfigurationPlatforms) = preSolution
		Debug|Any CPU = Debug|Any CPU
		Release|Any CPU = Release|Any CPU
	EndGlobalSection
	GlobalSection(ProjectConfigurationPlatforms) = postSolution
		{A9BE7E79-4389-436E-9AC0-FD1EE68880A1}.Debug|Any CPU.ActiveCfg = Debug|Any CPU
		{A9BE7E79-4389-436E-9AC0-FD1EE68880A1}.Debug|Any CPU.Build.0 = Debug|Any CPU
		{A9BE7E79-4389-436E-9AC0-FD1EE68880A1}.Release|Any CPU.ActiveCfg = Release|Any CPU
		{A9BE7E79-4389-436E-9AC0-FD1EE68880A1}.Release|Any CPU.Build.0 = Release|Any CPU
		{C7CC301D-69A8-43C5-8571-3DBDFF5AF5EC}.Debug|Any CPU.ActiveCfg = Debug|Any CPU
		{C7CC301D-69A8-43C5-8571-3DBDFF5AF5EC}.Debug|Any CPU.Build.0 = Debug|Any CPU
		{C7CC301D-69A8-43C5-8571-3DBDFF5AF5EC}.Release|Any CPU.ActiveCfg = Release|Any CPU
		{C7CC301D-69A8-43C5-8571-3DBDFF5AF5EC}.Release|Any CPU.Build.0 = Release|Any CPU
	EndGlobalSection
EndGlobal
